
Microsoft Visual Studio Solution File, Format Version 12.00
# Visual Studio Version 17
VisualStudioVersion = 17.9.34728.123
MinimumVisualStudioVersion = 10.0.40219.1
Project("{FAE04EC0-301F-11D3-BF4B-00C04F79EFBC}") = "KataUserSignUp", "KataUserSignUp\KataUserSignUp.csproj", "{367EB0C4-F9FF-4F9E-ADC6-FD6395C1A41D}"
EndProject
Global
	GlobalSection(SolutionConfigurationPlatforms) = preSolution
		Debug|Any CPU = Debug|Any CPU
		Release|Any CPU = Release|Any CPU
	EndGlobalSection
	GlobalSection(ProjectConfigurationPlatforms) = postSolution
		{367EB0C4-F9FF-4F9E-ADC6-FD6395C1A41D}.Debug|Any CPU.ActiveCfg = Debug|Any CPU
		{367EB0C4-F9FF-4F9E-ADC6-FD6395C1A41D}.Debug|Any CPU.Build.0 = Debug|Any CPU
		{367EB0C4-F9FF-4F9E-ADC6-FD6395C1A41D}.Release|Any CPU.ActiveCfg = Release|Any CPU
		{367EB0C4-F9FF-4F9E-ADC6-FD6395C1A41D}.Release|Any CPU.Build.0 = Release|Any CPU
	EndGlobalSection
	GlobalSection(SolutionProperties) = preSolution
		HideSolutionNode = FALSE
	EndGlobalSection
	GlobalSection(ExtensibilityGlobals) = postSolution
		SolutionGuid = {C2BE7384-56AA-421A-9DAD-626F67210A3A}
	EndGlobalSection
EndGlobal
